
Microsoft Visual Studio Solution File, Format Version 12.00
# Visual Studio Version 17
VisualStudioVersion = 17.3.32825.248
MinimumVisualStudioVersion = 10.0.40219.1
Project("{FAE04EC0-301F-11D3-BF4B-00C04F79EFBC}") = "Practicode2", "Practicode2\Practicode2.csproj", "{50B41241-B9D7-4F00-A01F-B6A179338217}"
EndProject
Global
	GlobalSection(SolutionConfigurationPlatforms) = preSolution
		Debug|Any CPU = Debug|Any CPU
		Release|Any CPU = Release|Any CPU
	EndGlobalSection
	GlobalSection(ProjectConfigurationPlatforms) = postSolution
		{50B41241-B9D7-4F00-A01F-B6A179338217}.Debug|Any CPU.ActiveCfg = Debug|Any CPU
		{50B41241-B9D7-4F00-A01F-B6A179338217}.Debug|Any CPU.Build.0 = Debug|Any CPU
		{50B41241-B9D7-4F00-A01F-B6A179338217}.Release|Any CPU.ActiveCfg = Release|Any CPU
		{50B41241-B9D7-4F00-A01F-B6A179338217}.Release|Any CPU.Build.0 = Release|Any CPU
	EndGlobalSection
	GlobalSection(SolutionProperties) = preSolution
		HideSolutionNode = FALSE
	EndGlobalSection
	GlobalSection(ExtensibilityGlobals) = postSolution
		SolutionGuid = {246D65A8-0B10-4E25-B4C5-23D51361D800}
	EndGlobalSection
EndGlobal
